
Microsoft Visual Studio Solution File, Format Version 12.00
# Visual Studio Version 16
VisualStudioVersion = 16.0.29519.181
MinimumVisualStudioVersion = 10.0.40219.1
Project("{FAE04EC0-301F-11D3-BF4B-00C04F79EFBC}") = "StartupTweet", "StartupTweet\StartupTweet.csproj", "{C9D0B3BB-FAC7-4633-BF16-8663ADABA6DC}"
EndProject
Global
	GlobalSection(SolutionConfigurationPlatforms) = preSolution
		Debug|Any CPU = Debug|Any CPU
		Release|Any CPU = Release|Any CPU
	EndGlobalSection
	GlobalSection(ProjectConfigurationPlatforms) = postSolution
		{C9D0B3BB-FAC7-4633-BF16-8663ADABA6DC}.Debug|Any CPU.ActiveCfg = Debug|Any CPU
		{C9D0B3BB-FAC7-4633-BF16-8663ADABA6DC}.Debug|Any CPU.Build.0 = Debug|Any CPU
		{C9D0B3BB-FAC7-4633-BF16-8663ADABA6DC}.Release|Any CPU.ActiveCfg = Release|Any CPU
		{C9D0B3BB-FAC7-4633-BF16-8663ADABA6DC}.Release|Any CPU.Build.0 = Release|Any CPU
	EndGlobalSection
	GlobalSection(SolutionProperties) = preSolution
		HideSolutionNode = FALSE
	EndGlobalSection
	GlobalSection(ExtensibilityGlobals) = postSolution
		SolutionGuid = {3C38D03F-4A8E-4F26-91FF-95ED1A084B65}
	EndGlobalSection
EndGlobal
